
Microsoft Visual Studio Solution File, Format Version 12.00
# Visual Studio Version 17
VisualStudioVersion = 17.7.34031.279
MinimumVisualStudioVersion = 10.0.40219.1
Project("{2150E333-8FDC-42A3-9474-1A3956D46DE8}") = "samples", "samples", "{6CC1F345-8EFA-4B0C-B344-746528F3FFA9}"
EndProject
Project("{2150E333-8FDC-42A3-9474-1A3956D46DE8}") = "solution items", "solution items", "{E2E36F3C-0D53-44C7-8DD1-820018BAE83D}"
	ProjectSection(SolutionItems) = preProject
		.gitignore = .gitignore
		README.md = README.md
	EndProjectSection
EndProject
Project("{9A19103F-16F7-4668-BE54-9A1E7A4F7556}") = "ShardingCoreTests.MultiField", "samples\ShardingCoreTests.MultiField\ShardingCoreTests.MultiField.csproj", "{7D31B602-4EF8-4232-AAD6-13522008276E}"
EndProject
Global
	GlobalSection(SolutionConfigurationPlatforms) = preSolution
		Debug|Any CPU = Debug|Any CPU
		Release|Any CPU = Release|Any CPU
	EndGlobalSection
	GlobalSection(ProjectConfigurationPlatforms) = postSolution
		{7D31B602-4EF8-4232-AAD6-13522008276E}.Debug|Any CPU.ActiveCfg = Debug|Any CPU
		{7D31B602-4EF8-4232-AAD6-13522008276E}.Debug|Any CPU.Build.0 = Debug|Any CPU
		{7D31B602-4EF8-4232-AAD6-13522008276E}.Release|Any CPU.ActiveCfg = Release|Any CPU
		{7D31B602-4EF8-4232-AAD6-13522008276E}.Release|Any CPU.Build.0 = Release|Any CPU
	EndGlobalSection
	GlobalSection(SolutionProperties) = preSolution
		HideSolutionNode = FALSE
	EndGlobalSection
	GlobalSection(NestedProjects) = preSolution
		{7D31B602-4EF8-4232-AAD6-13522008276E} = {6CC1F345-8EFA-4B0C-B344-746528F3FFA9}
	EndGlobalSection
	GlobalSection(ExtensibilityGlobals) = postSolution
		SolutionGuid = {97D2DC86-22CF-44C1-ACE6-EB19C3A3A036}
	EndGlobalSection
EndGlobal
